
Microsoft Visual Studio Solution File, Format Version 12.00
# Visual Studio Version 17
VisualStudioVersion = 17.5.33516.290
MinimumVisualStudioVersion = 10.0.40219.1
Project("{9A19103F-16F7-4668-BE54-9A1E7A4F7556}") = "BulkyWeb", "BulkyWeb\BulkyWeb.csproj", "{F99562B8-9835-46D4-8C2B-CAE277362EC4}"
EndProject
Project("{FAE04EC0-301F-11D3-BF4B-00C04F79EFBC}") = "Bulky.DataAccess", "Bulky.DataAccess\Bulky.DataAccess.csproj", "{4CC9C000-D16A-4B2D-AB81-AE27929C5896}"
EndProject
Project("{FAE04EC0-301F-11D3-BF4B-00C04F79EFBC}") = "Bulky.Models", "Bulky.Models\Bulky.Models.csproj", "{872BEF8C-1EDF-4286-AFE6-1EC0CFFA6E75}"
EndProject
Project("{FAE04EC0-301F-11D3-BF4B-00C04F79EFBC}") = "Bulky.Utility", "Bulky.Utility\Bulky.Utility.csproj", "{85D7BFB0-494D-42CC-96EB-6AD01D8C7E96}"
EndProject
Global
	GlobalSection(SolutionConfigurationPlatforms) = preSolution
		Debug|Any CPU = Debug|Any CPU
		Release|Any CPU = Release|Any CPU
	EndGlobalSection
	GlobalSection(ProjectConfigurationPlatforms) = postSolution
		{F99562B8-9835-46D4-8C2B-CAE277362EC4}.Debug|Any CPU.ActiveCfg = Debug|Any CPU
		{F99562B8-9835-46D4-8C2B-CAE277362EC4}.Debug|Any CPU.Build.0 = Debug|Any CPU
		{F99562B8-9835-46D4-8C2B-CAE277362EC4}.Release|Any CPU.ActiveCfg = Release|Any CPU
		{F99562B8-9835-46D4-8C2B-CAE277362EC4}.Release|Any CPU.Build.0 = Release|Any CPU
		{4CC9C000-D16A-4B2D-AB81-AE27929C5896}.Debug|Any CPU.ActiveCfg = Debug|Any CPU
		{4CC9C000-D16A-4B2D-AB81-AE27929C5896}.Debug|Any CPU.Build.0 = Debug|Any CPU
		{4CC9C000-D16A-4B2D-AB81-AE27929C5896}.Release|Any CPU.ActiveCfg = Release|Any CPU
		{4CC9C000-D16A-4B2D-AB81-AE27929C5896}.Release|Any CPU.Build.0 = Release|Any CPU
		{872BEF8C-1EDF-4286-AFE6-1EC0CFFA6E75}.Debug|Any CPU.ActiveCfg = Debug|Any CPU
		{872BEF8C-1EDF-4286-AFE6-1EC0CFFA6E75}.Debug|Any CPU.Build.0 = Debug|Any CPU
		{872BEF8C-1EDF-4286-AFE6-1EC0CFFA6E75}.Release|Any CPU.ActiveCfg = Release|Any CPU
		{872BEF8C-1EDF-4286-AFE6-1EC0CFFA6E75}.Release|Any CPU.Build.0 = Release|Any CPU
		{85D7BFB0-494D-42CC-96EB-6AD01D8C7E96}.Debug|Any CPU.ActiveCfg = Debug|Any CPU
		{85D7BFB0-494D-42CC-96EB-6AD01D8C7E96}.Debug|Any CPU.Build.0 = Debug|Any CPU
		{85D7BFB0-494D-42CC-96EB-6AD01D8C7E96}.Release|Any CPU.ActiveCfg = Release|Any CPU
		{85D7BFB0-494D-42CC-96EB-6AD01D8C7E96}.Release|Any CPU.Build.0 = Release|Any CPU
	EndGlobalSection
	GlobalSection(SolutionProperties) = preSolution
		HideSolutionNode = FALSE
	EndGlobalSection
	GlobalSection(ExtensibilityGlobals) = postSolution
		SolutionGuid = {17919484-6E10-4B0C-8893-01D469C46047}
	EndGlobalSection
EndGlobal
